
Microsoft Visual Studio Solution File, Format Version 12.00
# Visual Studio Version 17
VisualStudioVersion = 17.0.32112.339
MinimumVisualStudioVersion = 10.0.40219.1
Project("{2150E333-8FDC-42A3-9474-1A3956D46DE8}") = "Services", "Services", "{AB581D3A-C574-4DAF-8EF9-D1E1873EE2E0}"
EndProject
Project("{2150E333-8FDC-42A3-9474-1A3956D46DE8}") = "Catalog", "Catalog", "{74F106BB-083F-47F2-83A9-AC505947AC84}"
EndProject
Project("{FAE04EC0-301F-11D3-BF4B-00C04F79EFBC}") = "Catalog.API", "Services\Catalog\Catalog.API\Catalog.API.csproj", "{E1838D14-F87C-459A-B819-16E1939300DF}"
EndProject
Global
	GlobalSection(SolutionConfigurationPlatforms) = preSolution
		Debug|Any CPU = Debug|Any CPU
		Release|Any CPU = Release|Any CPU
	EndGlobalSection
	GlobalSection(ProjectConfigurationPlatforms) = postSolution
		{E1838D14-F87C-459A-B819-16E1939300DF}.Debug|Any CPU.ActiveCfg = Debug|Any CPU
		{E1838D14-F87C-459A-B819-16E1939300DF}.Debug|Any CPU.Build.0 = Debug|Any CPU
		{E1838D14-F87C-459A-B819-16E1939300DF}.Release|Any CPU.ActiveCfg = Release|Any CPU
		{E1838D14-F87C-459A-B819-16E1939300DF}.Release|Any CPU.Build.0 = Release|Any CPU
	EndGlobalSection
	GlobalSection(SolutionProperties) = preSolution
		HideSolutionNode = FALSE
	EndGlobalSection
	GlobalSection(NestedProjects) = preSolution
		{74F106BB-083F-47F2-83A9-AC505947AC84} = {AB581D3A-C574-4DAF-8EF9-D1E1873EE2E0}
		{E1838D14-F87C-459A-B819-16E1939300DF} = {74F106BB-083F-47F2-83A9-AC505947AC84}
	EndGlobalSection
	GlobalSection(ExtensibilityGlobals) = postSolution
		SolutionGuid = {3AE766A2-8DA6-44CD-A59A-FCF435231152}
	EndGlobalSection
EndGlobal
